
Microsoft Visual Studio Solution File, Format Version 12.00
# Visual Studio Version 17
VisualStudioVersion = 17.7.34018.315
MinimumVisualStudioVersion = 10.0.40219.1
Project("{FAE04EC0-301F-11D3-BF4B-00C04F79EFBC}") = "assign7", "assign7\assign7.csproj", "{BE8FDE9A-D5A5-4050-AEEE-22CC8E755310}"
EndProject
Global
	GlobalSection(SolutionConfigurationPlatforms) = preSolution
		Debug|Any CPU = Debug|Any CPU
		Release|Any CPU = Release|Any CPU
	EndGlobalSection
	GlobalSection(ProjectConfigurationPlatforms) = postSolution
		{BE8FDE9A-D5A5-4050-AEEE-22CC8E755310}.Debug|Any CPU.ActiveCfg = Debug|Any CPU
		{BE8FDE9A-D5A5-4050-AEEE-22CC8E755310}.Debug|Any CPU.Build.0 = Debug|Any CPU
		{BE8FDE9A-D5A5-4050-AEEE-22CC8E755310}.Release|Any CPU.ActiveCfg = Release|Any CPU
		{BE8FDE9A-D5A5-4050-AEEE-22CC8E755310}.Release|Any CPU.Build.0 = Release|Any CPU
	EndGlobalSection
	GlobalSection(SolutionProperties) = preSolution
		HideSolutionNode = FALSE
	EndGlobalSection
	GlobalSection(ExtensibilityGlobals) = postSolution
		SolutionGuid = {DE3D6D59-6105-4C40-992E-45578E6ECE7C}
	EndGlobalSection
EndGlobal
